
Microsoft Visual Studio Solution File, Format Version 12.00
# Visual Studio Version 16
VisualStudioVersion = 16.0.29709.97
MinimumVisualStudioVersion = 10.0.40219.1
Project("{FAE04EC0-301F-11D3-BF4B-00C04F79EFBC}") = "ColorTranslator", "ColorTranslator.csproj", "{D85DC965-63C4-4226-9F84-A68E40932A51}"
EndProject
Global
	GlobalSection(SolutionConfigurationPlatforms) = preSolution
		Debug|Any CPU = Debug|Any CPU
		Release|Any CPU = Release|Any CPU
	EndGlobalSection
	GlobalSection(ProjectConfigurationPlatforms) = postSolution
		{D85DC965-63C4-4226-9F84-A68E40932A51}.Debug|Any CPU.ActiveCfg = Debug|Any CPU
		{D85DC965-63C4-4226-9F84-A68E40932A51}.Debug|Any CPU.Build.0 = Debug|Any CPU
		{D85DC965-63C4-4226-9F84-A68E40932A51}.Release|Any CPU.ActiveCfg = Release|Any CPU
		{D85DC965-63C4-4226-9F84-A68E40932A51}.Release|Any CPU.Build.0 = Release|Any CPU
	EndGlobalSection
	GlobalSection(SolutionProperties) = preSolution
		HideSolutionNode = FALSE
	EndGlobalSection
	GlobalSection(ExtensibilityGlobals) = postSolution
		SolutionGuid = {8CDF6B0A-A6B4-4D13-B732-C09FD2C0F5D3}
	EndGlobalSection
EndGlobal
